
Microsoft Visual Studio Solution File, Format Version 12.00
# Visual Studio 15
VisualStudioVersion = 15.0.28307.136
MinimumVisualStudioVersion = 10.0.40219.1
Project("{FAE04EC0-301F-11D3-BF4B-00C04F79EFBC}") = "MovieRentalStore", "MovieRentalStore\MovieRentalStore.csproj", "{715B01C6-83BD-4E00-8BF8-0B1579177473}"
EndProject
Global
	GlobalSection(SolutionConfigurationPlatforms) = preSolution
		Debug|Any CPU = Debug|Any CPU
		Release|Any CPU = Release|Any CPU
	EndGlobalSection
	GlobalSection(ProjectConfigurationPlatforms) = postSolution
		{715B01C6-83BD-4E00-8BF8-0B1579177473}.Debug|Any CPU.ActiveCfg = Debug|Any CPU
		{715B01C6-83BD-4E00-8BF8-0B1579177473}.Debug|Any CPU.Build.0 = Debug|Any CPU
		{715B01C6-83BD-4E00-8BF8-0B1579177473}.Release|Any CPU.ActiveCfg = Release|Any CPU
		{715B01C6-83BD-4E00-8BF8-0B1579177473}.Release|Any CPU.Build.0 = Release|Any CPU
	EndGlobalSection
	GlobalSection(SolutionProperties) = preSolution
		HideSolutionNode = FALSE
	EndGlobalSection
	GlobalSection(ExtensibilityGlobals) = postSolution
		SolutionGuid = {DB415115-417D-496E-8984-02F4602E43E2}
	EndGlobalSection
EndGlobal
